// !$*UTF8*$!
{
	archiveVersion = 1;
	classes = {
	};
	objectVersion = 56;
	objects = {

/* Begin PBXBuildFile section */
		22E6CDD22B6AC81500B641FB /* AppDelegate.swift in Sources */ = {isa = PBXBuildFile; fileRef = 22E6CDD12B6AC81500B641FB /* AppDelegate.swift */; };
		22E6CDD42B6AC81500B641FB /* SceneDelegate.swift in Sources */ = {isa = PBXBuildFile; fileRef = 22E6CDD32B6AC81500B641FB /* SceneDelegate.swift */; };
		22E6CDD62B6AC81500B641FB /* ViewController.swift in Sources */ = {isa = PBXBuildFile; fileRef = 22E6CDD52B6AC81500B641FB /* ViewController.swift */; };
		22E6CDD92B6AC81500B641FB /* Main.storyboard in Resources */ = {isa = PBXBuildFile; fileRef = 22E6CDD72B6AC81500B641FB /* Main.storyboard */; };
		22E6CDDB2B6AC81600B641FB /* Assets.xcassets in Resources */ = {isa = PBXBuildFile; fileRef = 22E6CDDA2B6AC81600B641FB /* Assets.xcassets */; };
		22E6CDDE2B6AC81600B641FB /* LaunchScreen.storyboard in Resources */ = {isa = PBXBuildFile; fileRef = 22E6CDDC2B6AC81600B641FB /* LaunchScreen.storyboard */; };
		22E6CDE92B6AC81600B641FB /* Meme_1_0Tests.swift in Sources */ = {isa = PBXBuildFile; fileRef = 22E6CDE82B6AC81600B641FB /* Meme_1_0Tests.swift */; };
		22E6CDF32B6AC81600B641FB /* Meme_1_0UITests.swift in Sources */ = {isa = PBXBuildFile; fileRef = 22E6CDF22B6AC81600B641FB /* Meme_1_0UITests.swift */; };
		22E6CDF52B6AC81600B641FB /* Meme_1_0UITestsLaunchTests.swift in Sources */ = {isa = PBXBuildFile; fileRef = 22E6CDF42B6AC81600B641FB /* Meme_1_0UITestsLaunchTests.swift */; };
		22FB5D312BB2061900CAA141 /* CollectionViewController.swift in Sources */ = {isa = PBXBuildFile; fileRef = 22FB5D302BB2061900CAA141 /* CollectionViewController.swift */; };
		22FB5D332BB211F300CAA141 /* TableViewController.swift in Sources */ = {isa = PBXBuildFile; fileRef = 22FB5D322BB211F300CAA141 /* TableViewController.swift */; };
		22FB5D372BB2F83900CAA141 /* MemeCollectionViewCell.swift in Sources */ = {isa = PBXBuildFile; fileRef = 22FB5D362BB2F83900CAA141 /* MemeCollectionViewCell.swift */; };
		22FB5D392BB2FD2500CAA141 /* MemeDetailViewController.swift in Sources */ = {isa = PBXBuildFile; fileRef = 22FB5D382BB2FD2500CAA141 /* MemeDetailViewController.swift */; };
/* End PBXBuildFile section */

/* Begin PBXContainerItemProxy section */
		22E6CDE52B6AC81600B641FB /* PBXContainerItemProxy */ = {
			isa = PBXContainerItemProxy;
			containerPortal = 22E6CDC62B6AC81500B641FB /* Project object */;
			proxyType = 1;
			remoteGlobalIDString = 22E6CDCD2B6AC81500B641FB;
			remoteInfo = "Meme 1.0";
		};
		22E6CDEF2B6AC81600B641FB /* PBXContainerItemProxy */ = {
			isa = PBXContainerItemProxy;
			containerPortal = 22E6CDC62B6AC81500B641FB /* Project object */;
			proxyType = 1;
			remoteGlobalIDString = 22E6CDCD2B6AC81500B641FB;
			remoteInfo = "Meme 1.0";
		};
/* End PBXContainerItemProxy section */

/* Begin PBXFileReference section */
		22E6CDCE2B6AC81500B641FB /* Meme 1.0.app */ = {isa = PBXFileReference; explicitFileType = wrapper.application; includeInIndex = 0; path = "Meme 1.0.app"; sourceTree = BUILT_PRODUCTS_DIR; };
		22E6CDD12B6AC81500B641FB /* AppDelegate.swift */ = {isa = PBXFileReference; lastKnownFileType = sourcecode.swift; path = AppDelegate.swift; sourceTree = "<group>"; };
		22E6CDD32B6AC81500B641FB /* SceneDelegate.swift */ = {isa = PBXFileReference; lastKnownFileType = sourcecode.swift; path = SceneDelegate.swift; sourceTree = "<group>"; };
		22E6CDD52B6AC81500B641FB /* ViewController.swift */ = {isa = PBXFileReference; lastKnownFileType = sourcecode.swift; path = ViewController.swift; sourceTree = "<group>"; };
		22E6CDD82B6AC81500B641FB /* Base */ = {isa = PBXFileReference; lastKnownFileType = file.storyboard; name = Base; path = Base.lproj/Main.storyboard; sourceTree = "<group>"; };
		22E6CDDA2B6AC81600B641FB /* Assets.xcassets */ = {isa = PBXFileReference; lastKnownFileType = folder.assetcatalog; path = Assets.xcassets; sourceTree = "<group>"; };
		22E6CDDD2B6AC81600B641FB /* Base */ = {isa = PBXFileReference; lastKnownFileType = file.storyboard; name = Base; path = Base.lproj/LaunchScreen.storyboard; sourceTree = "<group>"; };
		22E6CDDF2B6AC81600B641FB /* Info.plist */ = {isa = PBXFileReference; lastKnownFileType = text.plist.xml; path = Info.plist; sourceTree = "<group>"; };
		22E6CDE42B6AC81600B641FB /* Meme 1.0Tests.xctest */ = {isa = PBXFileReference; explicitFileType = wrapper.cfbundle; includeInIndex = 0; path = "Meme 1.0Tests.xctest"; sourceTree = BUILT_PRODUCTS_DIR; };
		22E6CDE82B6AC81600B641FB /* Meme_1_0Tests.swift */ = {isa = PBXFileReference; lastKnownFileType = sourcecode.swift; path = Meme_1_0Tests.swift; sourceTree = "<group>"; };
		22E6CDEE2B6AC81600B641FB /* Meme 1.0UITests.xctest */ = {isa = PBXFileReference; explicitFileType = wrapper.cfbundle; includeInIndex = 0; path = "Meme 1.0UITests.xctest"; sourceTree = BUILT_PRODUCTS_DIR; };
		22E6CDF22B6AC81600B641FB /* Meme_1_0UITests.swift */ = {isa = PBXFileReference; lastKnownFileType = sourcecode.swift; path = Meme_1_0UITests.swift; sourceTree = "<group>"; };
		22E6CDF42B6AC81600B641FB /* Meme_1_0UITestsLaunchTests.swift */ = {isa = PBXFileReference; lastKnownFileType = sourcecode.swift; path = Meme_1_0UITestsLaunchTests.swift; sourceTree = "<group>"; };
		22FB5D302BB2061900CAA141 /* CollectionViewController.swift */ = {isa = PBXFileReference; lastKnownFileType = sourcecode.swift; path = CollectionViewController.swift; sourceTree = "<group>"; };
		22FB5D322BB211F300CAA141 /* TableViewController.swift */ = {isa = PBXFileReference; lastKnownFileType = sourcecode.swift; path = TableViewController.swift; sourceTree = "<group>"; };
		22FB5D362BB2F83900CAA141 /* MemeCollectionViewCell.swift */ = {isa = PBXFileReference; lastKnownFileType = sourcecode.swift; path = MemeCollectionViewCell.swift; sourceTree = "<group>"; };
		22FB5D382BB2FD2500CAA141 /* MemeDetailViewController.swift */ = {isa = PBXFileReference; lastKnownFileType = sourcecode.swift; path = MemeDetailViewController.swift; sourceTree = "<group>"; };
/* End PBXFileReference section */

/* Begin PBXFrameworksBuildPhase section */
		22E6CDCB2B6AC81500B641FB /* Frameworks */ = {
			isa = PBXFrameworksBuildPhase;
			buildActionMask = 2147483647;
			files = (
			);
			runOnlyForDeploymentPostprocessing = 0;
		};
		22E6CDE12B6AC81600B641FB /* Frameworks */ = {
			isa = PBXFrameworksBuildPhase;
			buildActionMask = 2147483647;
			files = (
			);
			runOnlyForDeploymentPostprocessing = 0;
		};
		22E6CDEB2B6AC81600B641FB /* Frameworks */ = {
			isa = PBXFrameworksBuildPhase;
			buildActionMask = 2147483647;
			files = (
			);
			runOnlyForDeploymentPostprocessing = 0;
		};
/* End PBXFrameworksBuildPhase section */

/* Begin PBXGroup section */
		22E6CDC52B6AC81500B641FB = {
			isa = PBXGroup;
			children = (
				22E6CDD02B6AC81500B641FB /* Meme 1.0 */,
				22E6CDE72B6AC81600B641FB /* Meme 1.0Tests */,
				22E6CDF12B6AC81600B641FB /* Meme 1.0UITests */,
				22E6CDCF2B6AC81500B641FB /* Products */,
			);
			sourceTree = "<group>";
		};
		22E6CDCF2B6AC81500B641FB /* Products */ = {
			isa = PBXGroup;
			children = (
				22E6CDCE2B6AC81500B641FB /* Meme 1.0.app */,
				22E6CDE42B6AC81600B641FB /* Meme 1.0Tests.xctest */,
				22E6CDEE2B6AC81600B641FB /* Meme 1.0UITests.xctest */,
			);
			name = Products;
			sourceTree = "<group>";
		};
		22E6CDD02B6AC81500B641FB /* Meme 1.0 */ = {
			isa = PBXGroup;
			children = (
				22E6CDD12B6AC81500B641FB /* AppDelegate.swift */,
				22E6CDD32B6AC81500B641FB /* SceneDelegate.swift */,
				22E6CDD52B6AC81500B641FB /* ViewController.swift */,
				22E6CDD72B6AC81500B641FB /* Main.storyboard */,
				22E6CDDA2B6AC81600B641FB /* Assets.xcassets */,
				22E6CDDC2B6AC81600B641FB /* LaunchScreen.storyboard */,
				22E6CDDF2B6AC81600B641FB /* Info.plist */,
				22FB5D302BB2061900CAA141 /* CollectionViewController.swift */,
				22FB5D322BB211F300CAA141 /* TableViewController.swift */,
				22FB5D362BB2F83900CAA141 /* MemeCollectionViewCell.swift */,
				22FB5D382BB2FD2500CAA141 /* MemeDetailViewController.swift */,
			);
			path = "Meme 1.0";
			sourceTree = "<group>";
		};
		22E6CDE72B6AC81600B641FB /* Meme 1.0Tests */ = {
			isa = PBXGroup;
			children = (
				22E6CDE82B6AC81600B641FB /* Meme_1_0Tests.swift */,
			);
			path = "Meme 1.0Tests";
			sourceTree = "<group>";
		};
		22E6CDF12B6AC81600B641FB /* Meme 1.0UITests */ = {
			isa = PBXGroup;
			children = (
				22E6CDF22B6AC81600B641FB /* Meme_1_0UITests.swift */,
				22E6CDF42B6AC81600B641FB /* Meme_1_0UITestsLaunchTests.swift */,
			);
			path = "Meme 1.0UITests";
			sourceTree = "<group>";
		};
/* End PBXGroup section */

/* Begin PBXNativeTarget section */
		22E6CDCD2B6AC81500B641FB /* Meme 1.0 */ = {
			isa = PBXNativeTarget;
			buildConfigurationList = 22E6CDF82B6AC81600B641FB /* Build configuration list for PBXNativeTarget "Meme 1.0" */;
			buildPhases = (
				22E6CDCA2B6AC81500B641FB /* Sources */,
				22E6CDCB2B6AC81500B641FB /* Frameworks */,
				22E6CDCC2B6AC81500B641FB /* Resources */,
			);
			buildRules = (
			);
			dependencies = (
			);
			name = "Meme 1.0";
			productName = "Meme 1.0";
			productReference = 22E6CDCE2B6AC81500B641FB /* Meme 1.0.app */;
			productType = "com.apple.product-type.application";
		};
		22E6CDE32B6AC81600B641FB /* Meme 1.0Tests */ = {
			isa = PBXNativeTarget;
			buildConfigurationList = 22E6CDFB2B6AC81600B641FB /* Build configuration list for PBXNativeTarget "Meme 1.0Tests" */;
			buildPhases = (
				22E6CDE02B6AC81600B641FB /* Sources */,
				22E6CDE12B6AC81600B641FB /* Frameworks */,
				22E6CDE22B6AC81600B641FB /* Resources */,
			);
			buildRules = (
			);
			dependencies = (
				22E6CDE62B6AC81600B641FB /* PBXTargetDependency */,
			);
			name = "Meme 1.0Tests";
			productName = "Meme 1.0Tests";
			productReference = 22E6CDE42B6AC81600B641FB /* Meme 1.0Tests.xctest */;
			productType = "com.apple.product-type.bundle.unit-test";
		};
		22E6CDED2B6AC81600B641FB /* Meme 1.0UITests */ = {
			isa = PBXNativeTarget;
			buildConfigurationList = 22E6CDFE2B6AC81600B641FB /* Build configuration list for PBXNativeTarget "Meme 1.0UITests" */;
			buildPhases = (
				22E6CDEA2B6AC81600B641FB /* Sources */,
				22E6CDEB2B6AC81600B641FB /* Frameworks */,
				22E6CDEC2B6AC81600B641FB /* Resources */,
			);
			buildRules = (
			);
			dependencies = (
				22E6CDF02B6AC81600B641FB /* PBXTargetDependency */,
			);
			name = "Meme 1.0UITests";
			productName = "Meme 1.0UITests";
			productReference = 22E6CDEE2B6AC81600B641FB /* Meme 1.0UITests.xctest */;
			productType = "com.apple.product-type.bundle.ui-testing";
		};
/* End PBXNativeTarget section */

/* Begin PBXProject section */
		22E6CDC62B6AC81500B641FB /* Project object */ = {
			isa = PBXProject;
			attributes = {
				BuildIndependentTargetsInParallel = 1;
				LastSwiftUpdateCheck = 1500;
				LastUpgradeCheck = 1500;
				TargetAttributes = {
					22E6CDCD2B6AC81500B641FB = {
						CreatedOnToolsVersion = 15.0.1;
					};
					22E6CDE32B6AC81600B641FB = {
						CreatedOnToolsVersion = 15.0.1;
						TestTargetID = 22E6CDCD2B6AC81500B641FB;
					};
					22E6CDED2B6AC81600B641FB = {
						CreatedOnToolsVersion = 15.0.1;
						TestTargetID = 22E6CDCD2B6AC81500B641FB;
					};
				};
			};
			buildConfigurationList = 22E6CDC92B6AC81500B641FB /* Build configuration list for PBXProject "Meme 1.0" */;
			compatibilityVersion = "Xcode 14.0";
			developmentRegion = en;
			hasScannedForEncodings = 0;
			knownRegions = (
				en,
				Base,
			);
			mainGroup = 22E6CDC52B6AC81500B641FB;
			productRefGroup = 22E6CDCF2B6AC81500B641FB /* Products */;
			projectDirPath = "";
			projectRoot = "";
			targets = (
				22E6CDCD2B6AC81500B641FB /* Meme 1.0 */,
				22E6CDE32B6AC81600B641FB /* Meme 1.0Tests */,
				22E6CDED2B6AC81600B641FB /* Meme 1.0UITests */,
			);
		};
/* End PBXProject section */

/* Begin PBXResourcesBuildPhase section */
		22E6CDCC2B6AC81500B641FB /* Resources */ = {
			isa = PBXResourcesBuildPhase;
			buildActionMask = 2147483647;
			files = (
				22E6CDDE2B6AC81600B641FB /* LaunchScreen.storyboard in Resources */,
				22E6CDDB2B6AC81600B641FB /* Assets.xcassets in Resources */,
				22E6CDD92B6AC81500B641FB /* Main.storyboard in Resources */,
			);
			runOnlyForDeploymentPostprocessing = 0;
		};
		22E6CDE22B6AC81600B641FB /* Resources */ = {
			isa = PBXResourcesBuildPhase;
			buildActionMask = 2147483647;
			files = (
			);
			runOnlyForDeploymentPostprocessing = 0;
		};
		22E6CDEC2B6AC81600B641FB /* Resources */ = {
			isa = PBXResourcesBuildPhase;
			buildActionMask = 2147483647;
			files = (
			);
			runOnlyForDeploymentPostprocessing = 0;
		};
/* End PBXResourcesBuildPhase section */

/* Begin PBXSourcesBuildPhase section */
		22E6CDCA2B6AC81500B641FB /* Sources */ = {
			isa = PBXSourcesBuildPhase;
			buildActionMask = 2147483647;
			files = (
				22FB5D372BB2F83900CAA141 /* MemeCollectionViewCell.swift in Sources */,
				22FB5D312BB2061900CAA141 /* CollectionViewController.swift in Sources */,
				22E6CDD62B6AC81500B641FB /* ViewController.swift in Sources */,
				22E6CDD22B6AC81500B641FB /* AppDelegate.swift in Sources */,
				22FB5D392BB2FD2500CAA141 /* MemeDetailViewController.swift in Sources */,
				22FB5D332BB211F300CAA141 /* TableViewController.swift in Sources */,
				22E6CDD42B6AC81500B641FB /* SceneDelegate.swift in Sources */,
			);
			runOnlyForDeploymentPostprocessing = 0;
		};
		22E6CDE02B6AC81600B641FB /* Sources */ = {
			isa = PBXSourcesBuildPhase;
			buildActionMask = 2147483647;
			files = (
				22E6CDE92B6AC81600B641FB /* Meme_1_0Tests.swift in Sources */,
			);
			runOnlyForDeploymentPostprocessing = 0;
		};
		22E6CDEA2B6AC81600B641FB /* Sources */ = {
			isa = PBXSourcesBuildPhase;
			buildActionMask = 2147483647;
			files = (
				22E6CDF52B6AC81600B641FB /* Meme_1_0UITestsLaunchTests.swift in Sources */,
				22E6CDF32B6AC81600B641FB /* Meme_1_0UITests.swift in Sources */,
			);
			runOnlyForDeploymentPostprocessing = 0;
		};
/* End PBXSourcesBuildPhase section */

/* Begin PBXTargetDependency section */
		22E6CDE62B6AC81600B641FB /* PBXTargetDependency */ = {
			isa = PBXTargetDependency;
			target = 22E6CDCD2B6AC81500B641FB /* Meme 1.0 */;
			targetProxy = 22E6CDE52B6AC81600B641FB /* PBXContainerItemProxy */;
		};
		22E6CDF02B6AC81600B641FB /* PBXTargetDependency */ = {
			isa = PBXTargetDependency;
			target = 22E6CDCD2B6AC81500B641FB /* Meme 1.0 */;
			targetProxy = 22E6CDEF2B6AC81600B641FB /* PBXContainerItemProxy */;
		};
/* End PBXTargetDependency section */

/* Begin PBXVariantGroup section */
		22E6CDD72B6AC81500B641FB /* Main.storyboard */ = {
			isa = PBXVariantGroup;
			children = (
				22E6CDD82B6AC81500B641FB /* Base */,
			);
			name = Main.storyboard;
			sourceTree = "<group>";
		};
		22E6CDDC2B6AC81600B641FB /* LaunchScreen.storyboard */ = {
			isa = PBXVariantGroup;
			children = (
				22E6CDDD2B6AC81600B641FB /* Base */,
			);
			name = LaunchScreen.storyboard;
			sourceTree = "<group>";
		};
/* End PBXVariantGroup section */

/* Begin XCBuildConfiguration section */
		22E6CDF62B6AC81600B641FB /* Debug */ = {
			isa = XCBuildConfiguration;
			buildSettings = {
				ALWAYS_SEARCH_USER_PATHS = NO;
				ASSETCATALOG_COMPILER_GENERATE_SWIFT_ASSET_SYMBOL_EXTENSIONS = YES;
				CLANG_ANALYZER_NONNULL = YES;
				CLANG_ANALYZER_NUMBER_OBJECT_CONVERSION = YES_AGGRESSIVE;
				CLANG_CXX_LANGUAGE_STANDARD = "gnu++20";
				CLANG_ENABLE_MODULES = YES;
				CLANG_ENABLE_OBJC_ARC = YES;
				CLANG_ENABLE_OBJC_WEAK = YES;
				CLANG_WARN_BLOCK_CAPTURE_AUTORELEASING = YES;
				CLANG_WARN_BOOL_CONVERSION = YES;
				CLANG_WARN_COMMA = YES;
				CLANG_WARN_CONSTANT_CONVERSION = YES;
				CLANG_WARN_DEPRECATED_OBJC_IMPLEMENTATIONS = YES;
				CLANG_WARN_DIRECT_OBJC_ISA_USAGE = YES_ERROR;
				CLANG_WARN_DOCUMENTATION_COMMENTS = YES;
				CLANG_WARN_EMPTY_BODY = YES;
				CLANG_WARN_ENUM_CONVERSION = YES;
				CLANG_WARN_INFINITE_RECURSION = YES;
				CLANG_WARN_INT_CONVERSION = YES;
				CLANG_WARN_NON_LITERAL_NULL_CONVERSION = YES;
				CLANG_WARN_OBJC_IMPLICIT_RETAIN_SELF = YES;
				CLANG_WARN_OBJC_LITERAL_CONVERSION = YES;
				CLANG_WARN_OBJC_ROOT_CLASS = YES_ERROR;
				CLANG_WARN_QUOTED_INCLUDE_IN_FRAMEWORK_HEADER = YES;
				CLANG_WARN_RANGE_LOOP_ANALYSIS = YES;
				CLANG_WARN_STRICT_PROTOTYPES = YES;
				CLANG_WARN_SUSPICIOUS_MOVE = YES;
				CLANG_WARN_UNGUARDED_AVAILABILITY = YES_AGGRESSIVE;
				CLANG_WARN_UNREACHABLE_CODE = YES;
				CLANG_WARN__DUPLICATE_METHOD_MATCH = YES;
				COPY_PHASE_STRIP = NO;
				DEBUG_INFORMATION_FORMAT = dwarf;
				ENABLE_STRICT_OBJC_MSGSEND = YES;
				ENABLE_TESTABILITY = YES;
				ENABLE_USER_SCRIPT_SANDBOXING = YES;
				GCC_C_LANGUAGE_STANDARD = gnu17;
				GCC_DYNAMIC_NO_PIC = NO;
				GCC_NO_COMMON_BLOCKS = YES;
				GCC_OPTIMIZATION_LEVEL = 0;
				GCC_PREPROCESSOR_DEFINITIONS = (
					"DEBUG=1",
					"$(inherited)",
				);
				GCC_WARN_64_TO_32_BIT_CONVERSION = YES;
				GCC_WARN_ABOUT_RETURN_TYPE = YES_ERROR;
				GCC_WARN_UNDECLARED_SELECTOR = YES;
				GCC_WARN_UNINITIALIZED_AUTOS = YES_AGGRESSIVE;
				GCC_WARN_UNUSED_FUNCTION = YES;
				GCC_WARN_UNUSED_VARIABLE = YES;
				IPHONEOS_DEPLOYMENT_TARGET = 17.0;
				LOCALIZATION_PREFERS_STRING_CATALOGS = YES;
				MTL_ENABLE_DEBUG_INFO = INCLUDE_SOURCE;
				MTL_FAST_MATH = YES;
				ONLY_ACTIVE_ARCH = YES;
				SDKROOT = iphoneos;
				SWIFT_ACTIVE_COMPILATION_CONDITIONS = "DEBUG $(inherited)";
				SWIFT_OPTIMIZATION_LEVEL = "-Onone";
			};
			name = Debug;
		};
		22E6CDF72B6AC81600B641FB /* Release */ = {
			isa = XCBuildConfiguration;
			buildSettings = {
				ALWAYS_SEARCH_USER_PATHS = NO;
				ASSETCATALOG_COMPILER_GENERATE_SWIFT_ASSET_SYMBOL_EXTENSIONS = YES;
				CLANG_ANALYZER_NONNULL = YES;
				CLANG_ANALYZER_NUMBER_OBJECT_CONVERSION = YES_AGGRESSIVE;
				CLANG_CXX_LANGUAGE_STANDARD = "gnu++20";
				CLANG_ENABLE_MODULES = YES;
				CLANG_ENABLE_OBJC_ARC = YES;
				CLANG_ENABLE_OBJC_WEAK = YES;
				CLANG_WARN_BLOCK_CAPTURE_AUTORELEASING = YES;
				CLANG_WARN_BOOL_CONVERSION = YES;
				CLANG_WARN_COMMA = YES;
				CLANG_WARN_CONSTANT_CONVERSION = YES;
				CLANG_WARN_DEPRECATED_OBJC_IMPLEMENTATIONS = YES;
				CLANG_WARN_DIRECT_OBJC_ISA_USAGE = YES_ERROR;
				CLANG_WARN_DOCUMENTATION_COMMENTS = YES;
				CLANG_WARN_EMPTY_BODY = YES;
				CLANG_WARN_ENUM_CONVERSION = YES;
				CLANG_WARN_INFINITE_RECURSION = YES;
				CLANG_WARN_INT_CONVERSION = YES;
				CLANG_WARN_NON_LITERAL_NULL_CONVERSION = YES;
				CLANG_WARN_OBJC_IMPLICIT_RETAIN_SELF = YES;
				CLANG_WARN_OBJC_LITERAL_CONVERSION = YES;
				CLANG_WARN_OBJC_ROOT_CLASS = YES_ERROR;
				CLANG_WARN_QUOTED_INCLUDE_IN_FRAMEWORK_HEADER = YES;
				CLANG_WARN_RANGE_LOOP_ANALYSIS = YES;
				CLANG_WARN_STRICT_PROTOTYPES = YES;
				CLANG_WARN_SUSPICIOUS_MOVE = YES;
				CLANG_WARN_UNGUARDED_AVAILABILITY = YES_AGGRESSIVE;
				CLANG_WARN_UNREACHABLE_CODE = YES;
				CLANG_WARN__DUPLICATE_METHOD_MATCH = YES;
				COPY_PHASE_STRIP = NO;
				DEBUG_INFORMATION_FORMAT = "dwarf-with-dsym";
				ENABLE_NS_ASSERTIONS = NO;
				ENABLE_STRICT_OBJC_MSGSEND = YES;
				ENABLE_USER_SCRIPT_SANDBOXING = YES;
				GCC_C_LANGUAGE_STANDARD = gnu17;
				GCC_NO_COMMON_BLOCKS = YES;
				GCC_WARN_64_TO_32_BIT_CONVERSION = YES;
				GCC_WARN_ABOUT_RETURN_TYPE = YES_ERROR;
				GCC_WARN_UNDECLARED_SELECTOR = YES;
				GCC_WARN_UNINITIALIZED_AUTOS = YES_AGGRESSIVE;
				GCC_WARN_UNUSED_FUNCTION = YES;
				GCC_WARN_UNUSED_VARIABLE = YES;
				IPHONEOS_DEPLOYMENT_TARGET = 17.0;
				LOCALIZATION_PREFERS_STRING_CATALOGS = YES;
				MTL_ENABLE_DEBUG_INFO = NO;
				MTL_FAST_MATH = YES;
				SDKROOT = iphoneos;
				SWIFT_COMPILATION_MODE = wholemodule;
				VALIDATE_PRODUCT = YES;
			};
			name = Release;
		};
		22E6CDF92B6AC81600B641FB /* Debug */ = {
			isa = XCBuildConfiguration;
			buildSettings = {
				ASSETCATALOG_COMPILER_APPICON_NAME = AppIcon;
				ASSETCATALOG_COMPILER_GLOBAL_ACCENT_COLOR_NAME = AccentColor;
				CODE_SIGN_STYLE = Automatic;
				CURRENT_PROJECT_VERSION = 1;
				GENERATE_INFOPLIST_FILE = YES;
				INFOPLIST_FILE = "Meme 1.0/Info.plist";
				INFOPLIST_KEY_UIApplicationSupportsIndirectInputEvents = YES;
				INFOPLIST_KEY_UILaunchStoryboardName = LaunchScreen;
				INFOPLIST_KEY_UIMainStoryboardFile = Main;
				INFOPLIST_KEY_UISupportedInterfaceOrientations_iPad = "UIInterfaceOrientationPortrait UIInterfaceOrientationPortraitUpsideDown UIInterfaceOrientationLandscapeLeft UIInterfaceOrientationLandscapeRight";
				INFOPLIST_KEY_UISupportedInterfaceOrientations_iPhone = "UIInterfaceOrientationPortrait UIInterfaceOrientationLandscapeLeft UIInterfaceOrientationLandscapeRight";
				LD_RUNPATH_SEARCH_PATHS = (
					"$(inherited)",
					"@executable_path/Frameworks",
				);
				MARKETING_VERSION = 1.0;
				PRODUCT_BUNDLE_IDENTIFIER = "KCL.Meme-1-0";
				PRODUCT_NAME = "$(TARGET_NAME)";
				SWIFT_EMIT_LOC_STRINGS = YES;
				SWIFT_VERSION = 5.0;
				TARGETED_DEVICE_FAMILY = "1,2";
			};
			name = Debug;
		};
		22E6CDFA2B6AC81600B641FB /* Release */ = {
			isa = XCBuildConfiguration;
			buildSettings = {
				ASSETCATALOG_COMPILER_APPICON_NAME = AppIcon;
				ASSETCATALOG_COMPILER_GLOBAL_ACCENT_COLOR_NAME = AccentColor;
				CODE_SIGN_STYLE = Automatic;
				CURRENT_PROJECT_VERSION = 1;
				GENERATE_INFOPLIST_FILE = YES;
				INFOPLIST_FILE = "Meme 1.0/Info.plist";
				INFOPLIST_KEY_UIApplicationSupportsIndirectInputEvents = YES;
				INFOPLIST_KEY_UILaunchStoryboardName = LaunchScreen;
				INFOPLIST_KEY_UIMainStoryboardFile = Main;
				INFOPLIST_KEY_UISupportedInterfaceOrientations_iPad = "UIInterfaceOrientationPortrait UIInterfaceOrientationPortraitUpsideDown UIInterfaceOrientationLandscapeLeft UIInterfaceOrientationLandscapeRight";
				INFOPLIST_KEY_UISupportedInterfaceOrientations_iPhone = "UIInterfaceOrientationPortrait UIInterfaceOrientationLandscapeLeft UIInterfaceOrientationLandscapeRight";
				LD_RUNPATH_SEARCH_PATHS = (
					"$(inherited)",
					"@executable_path/Frameworks",
				);
				MARKETING_VERSION = 1.0;
				PRODUCT_BUNDLE_IDENTIFIER = "KCL.Meme-1-0";
				PRODUCT_NAME = "$(TARGET_NAME)";
				SWIFT_EMIT_LOC_STRINGS = YES;
				SWIFT_VERSION = 5.0;
				TARGETED_DEVICE_FAMILY = "1,2";
			};
			name = Release;
		};
		22E6CDFC2B6AC81600B641FB /* Debug */ = {
			isa = XCBuildConfiguration;
			buildSettings = {
				ALWAYS_EMBED_SWIFT_STANDARD_LIBRARIES = YES;
				BUNDLE_LOADER = "$(TEST_HOST)";
				CODE_SIGN_STYLE = Automatic;
				CURRENT_PROJECT_VERSION = 1;
				GENERATE_INFOPLIST_FILE = YES;
				IPHONEOS_DEPLOYMENT_TARGET = 17.0;
				MARKETING_VERSION = 1.0;
				PRODUCT_BUNDLE_IDENTIFIER = "KCL.Meme-1-0Tests";
				PRODUCT_NAME = "$(TARGET_NAME)";
				SWIFT_EMIT_LOC_STRINGS = NO;
				SWIFT_VERSION = 5.0;
				TARGETED_DEVICE_FAMILY = "1,2";
				TEST_HOST = "$(BUILT_PRODUCTS_DIR)/Meme 1.0.app/$(BUNDLE_EXECUTABLE_FOLDER_PATH)/Meme 1.0";
			};
			name = Debug;
		};
		22E6CDFD2B6AC81600B641FB /* Release */ = {
			isa = XCBuildConfiguration;
			buildSettings = {
				ALWAYS_EMBED_SWIFT_STANDARD_LIBRARIES = YES;
				BUNDLE_LOADER = "$(TEST_HOST)";
				CODE_SIGN_STYLE = Automatic;
				CURRENT_PROJECT_VERSION = 1;
				GENERATE_INFOPLIST_FILE = YES;
				IPHONEOS_DEPLOYMENT_TARGET = 17.0;
				MARKETING_VERSION = 1.0;
				PRODUCT_BUNDLE_IDENTIFIER = "KCL.Meme-1-0Tests";
				PRODUCT_NAME = "$(TARGET_NAME)";
				SWIFT_EMIT_LOC_STRINGS = NO;
				SWIFT_VERSION = 5.0;
				TARGETED_DEVICE_FAMILY = "1,2";
				TEST_HOST = "$(BUILT_PRODUCTS_DIR)/Meme 1.0.app/$(BUNDLE_EXECUTABLE_FOLDER_PATH)/Meme 1.0";
			};
			name = Release;
		};
		22E6CDFF2B6AC81600B641FB /* Debug */ = {
			isa = XCBuildConfiguration;
			buildSettings = {
				ALWAYS_EMBED_SWIFT_STANDARD_LIBRARIES = YES;
				CODE_SIGN_STYLE = Automatic;
				CURRENT_PROJECT_VERSION = 1;
				GENERATE_INFOPLIST_FILE = YES;
				MARKETING_VERSION = 1.0;
				PRODUCT_BUNDLE_IDENTIFIER = "KCL.Meme-1-0UITests";
				PRODUCT_NAME = "$(TARGET_NAME)";
				SWIFT_EMIT_LOC_STRINGS = NO;
				SWIFT_VERSION = 5.0;
				TARGETED_DEVICE_FAMILY = "1,2";
				TEST_TARGET_NAME = "Meme 1.0";
			};
			name = Debug;
		};
		22E6CE002B6AC81600B641FB /* Release */ = {
			isa = XCBuildConfiguration;
			buildSettings = {
				ALWAYS_EMBED_SWIFT_STANDARD_LIBRARIES = YES;
				CODE_SIGN_STYLE = Automatic;
				CURRENT_PROJECT_VERSION = 1;
				GENERATE_INFOPLIST_FILE = YES;
				MARKETING_VERSION = 1.0;
				PRODUCT_BUNDLE_IDENTIFIER = "KCL.Meme-1-0UITests";
				PRODUCT_NAME = "$(TARGET_NAME)";
				SWIFT_EMIT_LOC_STRINGS = NO;
				SWIFT_VERSION = 5.0;
				TARGETED_DEVICE_FAMILY = "1,2";
				TEST_TARGET_NAME = "Meme 1.0";
			};
			name = Release;
		};
/* End XCBuildConfiguration section */

/* Begin XCConfigurationList section */
		22E6CDC92B6AC81500B641FB /* Build configuration list for PBXProject "Meme 1.0" */ = {
			isa = XCConfigurationList;
			buildConfigurations = (
				22E6CDF62B6AC81600B641FB /* Debug */,
				22E6CDF72B6AC81600B641FB /* Release */,
			);
			defaultConfigurationIsVisible = 0;
			defaultConfigurationName = Release;
		};
		22E6CDF82B6AC81600B641FB /* Build configuration list for PBXNativeTarget "Meme 1.0" */ = {
			isa = XCConfigurationList;
			buildConfigurations = (
				22E6CDF92B6AC81600B641FB /* Debug */,
				22E6CDFA2B6AC81600B641FB /* Release */,
			);
			defaultConfigurationIsVisible = 0;
			defaultConfigurationName = Release;
		};
		22E6CDFB2B6AC81600B641FB /* Build configuration list for PBXNativeTarget "Meme 1.0Tests" */ = {
			isa = XCConfigurationList;
			buildConfigurations = (
				22E6CDFC2B6AC81600B641FB /* Debug */,
				22E6CDFD2B6AC81600B641FB /* Release */,
			);
			defaultConfigurationIsVisible = 0;
			defaultConfigurationName = Release;
		};
		22E6CDFE2B6AC81600B641FB /* Build configuration list for PBXNativeTarget "Meme 1.0UITests" */ = {
			isa = XCConfigurationList;
			buildConfigurations = (
				22E6CDFF2B6AC81600B641FB /* Debug */,
				22E6CE002B6AC81600B641FB /* Release */,
			);
			defaultConfigurationIsVisible = 0;
			defaultConfigurationName = Release;
		};
/* End XCConfigurationList section */
	};
	rootObject = 22E6CDC62B6AC81500B641FB /* Project object */;
}
